# This file is automatically @generated by Cargo.
# It is not intended for manual editing.
[[package]]
name = "bitflags"
version = "1.1.0"
source = "registry+https://github.com/rust-lang/crates.io-index"

[[package]]
name = "jann"
version = "0.1.0"
dependencies = [
 "bitflags 1.1.0 (registry+https://github.com/rust-lang/crates.io-index)",
 "walkdir 2.1.4 (registry+https://github.com/rust-lang/crates.io-index)",
]

[[package]]
name = "same-file"
version = "1.0.2"
source = "registry+https://github.com/rust-lang/crates.io-index"
dependencies = [
 "winapi 0.3.5 (registry+https://github.com/rust-lang/crates.io-index)",
]

[[package]]
name = "walkdir"
version = "2.1.4"
source = "registry+https://github.com/rust-lang/crates.io-index"
dependencies = [
 "same-file 1.0.2 (registry+https://github.com/rust-lang/crates.io-index)",
 "winapi 0.3.5 (registry+https://github.com/rust-lang/crates.io-index)",
]

[[package]]
name = "winapi"
version = "0.3.5"
source = "registry+https://github.com/rust-lang/crates.io-index"
dependencies = [
 "winapi-i686-pc-windows-gnu 0.4.0 (registry+https://github.com/rust-lang/crates.io-index)",
 "winapi-x86_64-pc-windows-gnu 0.4.0 (registry+https://github.com/rust-lang/crates.io-index)",
]

[[package]]
name = "winapi-i686-pc-windows-gnu"
version = "0.4.0"
source = "registry+https://github.com/rust-lang/crates.io-index"

[[package]]
name = "winapi-x86_64-pc-windows-gnu"
version = "0.4.0"
source = "registry+https://github.com/rust-lang/crates.io-index"

[metadata]
"checksum bitflags 1.1.0 (registry+https://github.com/rust-lang/crates.io-index)" = "3d155346769a6855b86399e9bc3814ab343cd3d62c7e985113d46a0ec3c281fd"
"checksum same-file 1.0.2 (registry+https://github.com/rust-lang/crates.io-index)" = "cfb6eded0b06a0b512c8ddbcf04089138c9b4362c2f696f3c3d76039d68f3637"
"checksum walkdir 2.1.4 (registry+https://github.com/rust-lang/crates.io-index)" = "63636bd0eb3d00ccb8b9036381b526efac53caf112b7783b730ab3f8e44da369"
"checksum winapi 0.3.5 (registry+https://github.com/rust-lang/crates.io-index)" = "773ef9dcc5f24b7d850d0ff101e542ff24c3b090a9768e03ff889fdef41f00fd"
"checksum winapi-i686-pc-windows-gnu 0.4.0 (registry+https://github.com/rust-lang/crates.io-index)" = "ac3b87c63620426dd9b991e5ce0329eff545bccbbb34f3be09ff6fb6ab51b7b6"
"checksum winapi-x86_64-pc-windows-gnu 0.4.0 (registry+https://github.com/rust-lang/crates.io-index)" = "712e227841d057c1ee1cd2fb22fa7e5a5461ae8e48fa2ca79ec42cfc1931183f"
